github.com/gorilla/websocket v1.5.0 h1:PPwGk2jz7EePpoHN/+ClbZu8SPxiqlu12wZP/3sWmnc=
github.com/gorilla/websocket v1.5.0/go.mod h1:YR8l580nyteQvAITg2hZ9XVh4b55+EU/adAjf1fMHhE=
github.com/olahol/melody v1.1.4 h1:RQHfKZkQmDxI0+SLZRNBCn4LiXdqxLKRGSkT8Dyoe/E=
github.com/olahol/melody v1.1.4/go.mod h1:GgkTl6Y7yWj/HtfD48Q5vLKPVoZOH+Qqgfa7CvJgJM4=
github.com/pion/randutil v0.1.0 h1:CFG1UdESneORglEsnimhUjf33Rwjubwj6xfiOXBa3mA=
github.com/pion/randutil v0.1.0/go.mod h1:XcJrSMMbbMRhASFVOlj/5hQial/Y8oH/HVo7TBZq+j8=
github.com/pion/rtp v1.8.2 h1:oKMM0K1/QYQ5b5qH+ikqDSZRipP5mIxPJcgcvw5sH0w=
github.com/pion/rtp v1.8.2/go.mod h1:pBGHaFt/yW7bf1jjWAoUjpSNoDnw98KTMg+jWWvziqU=
